
Microsoft Visual Studio Solution File, Format Version 12.00
# Visual Studio Version 17
VisualStudioVersion = 17.4.33213.308
MinimumVisualStudioVersion = 10.0.40219.1
Project("{FAE04EC0-301F-11D3-BF4B-00C04F79EFBC}") = "MyVinyl.com", "MyVinyl.com\MyVinyl.com.csproj", "{7A288802-91CE-4A79-BD3D-083EAF23C057}"
EndProject
Project("{FAE04EC0-301F-11D3-BF4B-00C04F79EFBC}") = "MyVinyl.com_ocelot_apigateway", "MyVinyl.com_ocelot_apigateway\MyVinyl.com_ocelot_apigateway.csproj", "{4D274F9E-02E9-454A-B86C-AC4D74985F32}"
EndProject
Project("{FAE04EC0-301F-11D3-BF4B-00C04F79EFBC}") = "MyVinyl.com_identity_service", "MyVinyl.com_identity_service\MyVinyl.com_identity_service.csproj", "{493238EF-DEED-4BEF-9C5E-2C1CAD3925F5}"
EndProject
Global
	GlobalSection(SolutionConfigurationPlatforms) = preSolution
		Debug|Any CPU = Debug|Any CPU
		Release|Any CPU = Release|Any CPU
	EndGlobalSection
	GlobalSection(ProjectConfigurationPlatforms) = postSolution
		{7A288802-91CE-4A79-BD3D-083EAF23C057}.Debug|Any CPU.ActiveCfg = Debug|Any CPU
		{7A288802-91CE-4A79-BD3D-083EAF23C057}.Debug|Any CPU.Build.0 = Debug|Any CPU
		{7A288802-91CE-4A79-BD3D-083EAF23C057}.Release|Any CPU.ActiveCfg = Release|Any CPU
		{7A288802-91CE-4A79-BD3D-083EAF23C057}.Release|Any CPU.Build.0 = Release|Any CPU
		{4D274F9E-02E9-454A-B86C-AC4D74985F32}.Debug|Any CPU.ActiveCfg = Debug|Any CPU
		{4D274F9E-02E9-454A-B86C-AC4D74985F32}.Debug|Any CPU.Build.0 = Debug|Any CPU
		{4D274F9E-02E9-454A-B86C-AC4D74985F32}.Release|Any CPU.ActiveCfg = Release|Any CPU
		{4D274F9E-02E9-454A-B86C-AC4D74985F32}.Release|Any CPU.Build.0 = Release|Any CPU
		{493238EF-DEED-4BEF-9C5E-2C1CAD3925F5}.Debug|Any CPU.ActiveCfg = Debug|Any CPU
		{493238EF-DEED-4BEF-9C5E-2C1CAD3925F5}.Debug|Any CPU.Build.0 = Debug|Any CPU
		{493238EF-DEED-4BEF-9C5E-2C1CAD3925F5}.Release|Any CPU.ActiveCfg = Release|Any CPU
		{493238EF-DEED-4BEF-9C5E-2C1CAD3925F5}.Release|Any CPU.Build.0 = Release|Any CPU
	EndGlobalSection
	GlobalSection(SolutionProperties) = preSolution
		HideSolutionNode = FALSE
	EndGlobalSection
	GlobalSection(ExtensibilityGlobals) = postSolution
		SolutionGuid = {E648BB93-5EC4-43A8-B870-D3E8D78F8A6A}
	EndGlobalSection
EndGlobal
